schema: '2.0'
stages:
  data_ingestion:
    cmd: python src/data/data_ingestion.py
    deps:
    - path: src/data/data_ingestion.py
      hash: md5
      md5: d546b0c45482633020fead74da9651f3
      size: 1316
    params:
      params.yaml:
        data_ingestion.test_size: 0.6
    outs:
    - path: data/raw
      hash: md5
      md5: fc182dc33f301e38ff685f16e634d1b6.dir
      size: 2966
      nfiles: 2
  data_preprocessing:
    cmd: python src/data/data_preprocessing.py
    deps:
    - path: data/raw
      hash: md5
      md5: fc182dc33f301e38ff685f16e634d1b6.dir
      size: 2966
      nfiles: 2
    - path: src/data/data_preprocessing.py
      hash: md5
      md5: ece0e1b9ece23a5b6bb3f33ce05bd5c4
      size: 1382
    outs:
    - path: data/processed
      hash: md5
      md5: db1f8df8501d249ded57ddc9cdac6727.dir
      size: 3140
      nfiles: 2
  model_building:
    cmd: python src/model/model_building.py
    deps:
    - path: data/processed
      hash: md5
      md5: db1f8df8501d249ded57ddc9cdac6727.dir
      size: 3140
      nfiles: 2
    - path: src/model/model_building.py
      hash: md5
      md5: 5c8f6d1137840f73ce488e4f4420b675
      size: 1081
    params:
      params.yaml:
        model_building.max_iter: 400
        model_building.penalty: l2
    outs:
    - path: models/model.pkl
      hash: md5
      md5: 436965fa7b993ef08c5938d41403a600
      size: 836
  model_evaluation:
    cmd: python src/model/model_evaluation.py
    deps:
    - path: models/model.pkl
      hash: md5
      md5: 436965fa7b993ef08c5938d41403a600
      size: 836
    - path: src/model/model_evaluation.py
      hash: md5
      md5: 95010b2da805aeac59c043a8bb420dbc
      size: 1251
    outs:
    - path: reports/metrics.json
      hash: md5
      md5: a3c159664a55220672ccb6537ef7c612
      size: 78
